dependencies:
- name: docsie
  repository: file://../docsie
  version: 0.3.0-preview.2
- name: postgresql-local
  repository: ""
  version: 0.1.0
- name: redis-local
  repository: ""
  version: 0.1.0
- name: minio-onprem
  repository: ""
  version: 0.1.0
- name: elasticsearch-onprem
  repository: ""
  version: 0.1.0
- name: image-processor
  repository: ""
  version: 0.1.1
- name: pdf-converter
  repository: ""
  version: 0.1.0
- name: elastic-appsearch-onprem
  repository: ""
  version: 0.1.1
- name: dokuta-onprem
  repository: ""
  version: 0.1.0
- name: dokuta-celery-onprem
  repository: ""
  version: 0.1.0
- name: chromadb
  repository: ""
  version: 0.1.4
- name: whisper-openai-adapter
  repository: ""
  version: 0.1.0
- name: glmocr-pipeline
  repository: ""
  version: 0.1.0
- name: collaboration-relay
  repository: ""
  version: 0.1.0
- name: dokuta-pptx-renderer
  repository: ""
  version: 0.1.0
- name: cad-adapter
  repository: ""
  version: 0.1.0
digest: sha256:db0bde2c96e58e25b3f492642e09bfcd723ffe15ed6390fc27d60ba78741549b
generated: "2026-09-07T18:41:00.052384-04:00"
