dependencies:
- name: docsie
  repository: file://../docsie
  version: 0.3.0-preview.1
- name: postgresql-local
  repository: ""
  version: 0.1.0
- name: redis-local
  repository: ""
  version: 0.1.0
- name: minio-onprem
  repository: ""
  version: 0.1.0
- name: elasticsearch-onprem
  repository: ""
  version: 0.1.0
- name: image-processor
  repository: ""
  version: 0.1.1
- name: pdf-converter
  repository: ""
  version: 0.1.0
- name: elastic-appsearch-onprem
  repository: ""
  version: 0.1.0
- name: dokuta-onprem
  repository: ""
  version: 0.1.0
- name: dokuta-celery-onprem
  repository: ""
  version: 0.1.0
- name: chromadb
  repository: ""
  version: 0.1.3
- name: whisper-openai-adapter
  repository: ""
  version: 0.1.0
- name: glmocr-pipeline
  repository: ""
  version: 0.1.0
- name: collaboration-relay
  repository: ""
  version: 0.1.0
- name: dokuta-pptx-renderer
  repository: ""
  version: 0.1.0
- name: cad-adapter
  repository: ""
  version: 0.1.0
digest: sha256:131ad6ef8e84a39510ce2ad8193fcf30e62d4b542c79963de5c4f49e5c50b815
generated: "2026-09-07T12:09:36.064276-04:00"
